// !$*UTF8*$!
{
	archiveVersion = 1;
	classes = {
	};
	objectVersion = 51;
	objects = {

/* Begin PBXBuildFile section */
		727654F4F50BB61EC87A8ADD /* Pods_appStoreClone.framework in Frameworks */ = {isa = PBXBuildFile; fileRef = 839F3F25976F95DFDBD30DD7 /* Pods_appStoreClone.framework */; };
		C009AAF724B3C73600EB5707 /* UIView+Layout.swift in Sources */ = {isa = PBXBuildFile; fileRef = C009AAF624B3C73600EB5707 /* UIView+Layout.swift */; };
		C009AAF924B3CE9500EB5707 /* VerticalStackView.swift in Sources */ = {isa = PBXBuildFile; fileRef = C009AAF824B3CE9500EB5707 /* VerticalStackView.swift */; };
		C009AAFC24B3F8F800EB5707 /* SearchResult.swift in Sources */ = {isa = PBXBuildFile; fileRef = C009AAFB24B3F8F800EB5707 /* SearchResult.swift */; };
		C011DA5824B54652002EE481 /* AppGroup.swift in Sources */ = {isa = PBXBuildFile; fileRef = C011DA5724B54652002EE481 /* AppGroup.swift */; };
		C015C37A24B50718006D3FE4 /* AppsPageHeader.swift in Sources */ = {isa = PBXBuildFile; fileRef = C015C37924B50718006D3FE4 /* AppsPageHeader.swift */; };
		C015C37C24B50869006D3FE4 /* AppsHeaderHorizontalController.swift in Sources */ = {isa = PBXBuildFile; fileRef = C015C37B24B50869006D3FE4 /* AppsHeaderHorizontalController.swift */; };
		C02129AA24AA426100A22C03 /* AppsSearchController.swift in Sources */ = {isa = PBXBuildFile; fileRef = C02129A924AA426100A22C03 /* AppsSearchController.swift */; };
		C071472924B800130023742B /* SocialApp.swift in Sources */ = {isa = PBXBuildFile; fileRef = C071472824B800130023742B /* SocialApp.swift */; };
		C071472B24B80F380023742B /* HorizontalSnappingController.swift in Sources */ = {isa = PBXBuildFile; fileRef = C071472A24B80F380023742B /* HorizontalSnappingController.swift */; };
		C071472E24B8212D0023742B /* AppDetailController.swift in Sources */ = {isa = PBXBuildFile; fileRef = C071472D24B8212D0023742B /* AppDetailController.swift */; };
		C071473124B825E40023742B /* AppDetailCell.swift in Sources */ = {isa = PBXBuildFile; fileRef = C071473024B825E40023742B /* AppDetailCell.swift */; };
		C0769E3B24AA6851003900C0 /* SearchResultCell.swift in Sources */ = {isa = PBXBuildFile; fileRef = C0769E3A24AA6851003900C0 /* SearchResultCell.swift */; };
		C08E622F24BA723A0072967D /* PreviewCell.swift in Sources */ = {isa = PBXBuildFile; fileRef = C08E622E24BA723A0072967D /* PreviewCell.swift */; };
		C08E623124BA73A10072967D /* PreviewScreenshotController.swift in Sources */ = {isa = PBXBuildFile; fileRef = C08E623024BA73A10072967D /* PreviewScreenshotController.swift */; };
		C0967B8324B4E90800CE268E /* AppsPageController.swift in Sources */ = {isa = PBXBuildFile; fileRef = C0967B8224B4E90800CE268E /* AppsPageController.swift */; };
		C0967B8524B4E9DC00CE268E /* BaseListController.swift in Sources */ = {isa = PBXBuildFile; fileRef = C0967B8424B4E9DC00CE268E /* BaseListController.swift */; };
		C09A19DC24B3FE0B00D52852 /* APIService.swift in Sources */ = {isa = PBXBuildFile; fileRef = C09A19DB24B3FE0B00D52852 /* APIService.swift */; };
		C0AC3FB024A83AC40076C27F /* AppDelegate.swift in Sources */ = {isa = PBXBuildFile; fileRef = C0AC3FAF24A83AC40076C27F /* AppDelegate.swift */; };
		C0AC3FB224A83AC40076C27F /* SceneDelegate.swift in Sources */ = {isa = PBXBuildFile; fileRef = C0AC3FB124A83AC40076C27F /* SceneDelegate.swift */; };
		C0AC3FB424A83AC40076C27F /* ViewController.swift in Sources */ = {isa = PBXBuildFile; fileRef = C0AC3FB324A83AC40076C27F /* ViewController.swift */; };
		C0AC3FB724A83AC40076C27F /* Main.storyboard in Resources */ = {isa = PBXBuildFile; fileRef = C0AC3FB524A83AC40076C27F /* Main.storyboard */; };
		C0AC3FB924A83AC50076C27F /* Assets.xcassets in Resources */ = {isa = PBXBuildFile; fileRef = C0AC3FB824A83AC50076C27F /* Assets.xcassets */; };
		C0AC3FBC24A83AC50076C27F /* LaunchScreen.storyboard in Resources */ = {isa = PBXBuildFile; fileRef = C0AC3FBA24A83AC50076C27F /* LaunchScreen.storyboard */; };
		C0AC3FC424A83B520076C27F /* BaseTabBarController.swift in Sources */ = {isa = PBXBuildFile; fileRef = C0AC3FC324A83B520076C27F /* BaseTabBarController.swift */; };
		C0E408BF24B4EBA5008E02AA /* AppsGroupCell.swift in Sources */ = {isa = PBXBuildFile; fileRef = C0E408BE24B4EBA5008E02AA /* AppsGroupCell.swift */; };
		C0E408C124B4EE4B008E02AA /* AppsHorizontalController.swift in Sources */ = {isa = PBXBuildFile; fileRef = C0E408C024B4EE4B008E02AA /* AppsHorizontalController.swift */; };
		C0E408C324B4FB97008E02AA /* AppRowCell.swift in Sources */ = {isa = PBXBuildFile; fileRef = C0E408C224B4FB97008E02AA /* AppRowCell.swift */; };
		C0E408C524B4FC51008E02AA /* Extension.swift in Sources */ = {isa = PBXBuildFile; fileRef = C0E408C424B4FC51008E02AA /* Extension.swift */; };
		C0F5B6F424B50D1E00830FFF /* AppHeaderCell.swift in Sources */ = {isa = PBXBuildFile; fileRef = C0F5B6F324B50D1E00830FFF /* AppHeaderCell.swift */; };
/* End PBXBuildFile section */

/* Begin PBXFileReference section */
		35B4CA1F9F710E74E772C926 /* Pods-appStoreClone.debug.xcconfig */ = {isa = PBXFileReference; includeInIndex = 1; lastKnownFileType = text.xcconfig; name = "Pods-appStoreClone.debug.xcconfig"; path = "Target Support Files/Pods-appStoreClone/Pods-appStoreClone.debug.xcconfig"; sourceTree = "<group>"; };
		3B3D0FA334128286EEF36BA3 /* Pods-appStoreClone.release.xcconfig */ = {isa = PBXFileReference; includeInIndex = 1; lastKnownFileType = text.xcconfig; name = "Pods-appStoreClone.release.xcconfig"; path = "Target Support Files/Pods-appStoreClone/Pods-appStoreClone.release.xcconfig"; sourceTree = "<group>"; };
		839F3F25976F95DFDBD30DD7 /* Pods_appStoreClone.framework */ = {isa = PBXFileReference; explicitFileType = wrapper.framework; includeInIndex = 0; path = Pods_appStoreClone.framework; sourceTree = BUILT_PRODUCTS_DIR; };
		C009AAF624B3C73600EB5707 /* UIView+Layout.swift */ = {isa = PBXFileReference; lastKnownFileType = sourcecode.swift; path = "UIView+Layout.swift"; sourceTree = "<group>"; };
		C009AAF824B3CE9500EB5707 /* VerticalStackView.swift */ = {isa = PBXFileReference; lastKnownFileType = sourcecode.swift; path = VerticalStackView.swift; sourceTree = "<group>"; };
		C009AAFB24B3F8F800EB5707 /* SearchResult.swift */ = {isa = PBXFileReference; lastKnownFileType = sourcecode.swift; path = SearchResult.swift; sourceTree = "<group>"; };
		C011DA5724B54652002EE481 /* AppGroup.swift */ = {isa = PBXFileReference; lastKnownFileType = sourcecode.swift; path = AppGroup.swift; sourceTree = "<group>"; };
		C015C37924B50718006D3FE4 /* AppsPageHeader.swift */ = {isa = PBXFileReference; lastKnownFileType = sourcecode.swift; path = AppsPageHeader.swift; sourceTree = "<group>"; };
		C015C37B24B50869006D3FE4 /* AppsHeaderHorizontalController.swift */ = {isa = PBXFileReference; lastKnownFileType = sourcecode.swift; path = AppsHeaderHorizontalController.swift; sourceTree = "<group>"; };
		C02129A924AA426100A22C03 /* AppsSearchController.swift */ = {isa = PBXFileReference; lastKnownFileType = sourcecode.swift; path = AppsSearchController.swift; sourceTree = "<group>"; };
		C071472824B800130023742B /* SocialApp.swift */ = {isa = PBXFileReference; lastKnownFileType = sourcecode.swift; path = SocialApp.swift; sourceTree = "<group>"; };
		C071472A24B80F380023742B /* HorizontalSnappingController.swift */ = {isa = PBXFileReference; lastKnownFileType = sourcecode.swift; path = HorizontalSnappingController.swift; sourceTree = "<group>"; };
		C071472D24B8212D0023742B /* AppDetailController.swift */ = {isa = PBXFileReference; lastKnownFileType = sourcecode.swift; path = AppDetailController.swift; sourceTree = "<group>"; };
		C071473024B825E40023742B /* AppDetailCell.swift */ = {isa = PBXFileReference; lastKnownFileType = sourcecode.swift; path = AppDetailCell.swift; sourceTree = "<group>"; };
		C0769E3A24AA6851003900C0 /* SearchResultCell.swift */ = {isa = PBXFileReference; lastKnownFileType = sourcecode.swift; path = SearchResultCell.swift; sourceTree = "<group>"; };
		C08E622E24BA723A0072967D /* PreviewCell.swift */ = {isa = PBXFileReference; lastKnownFileType = sourcecode.swift; path = PreviewCell.swift; sourceTree = "<group>"; };
		C08E623024BA73A10072967D /* PreviewScreenshotController.swift */ = {isa = PBXFileReference; lastKnownFileType = sourcecode.swift; path = PreviewScreenshotController.swift; sourceTree = "<group>"; };
		C0967B8224B4E90800CE268E /* AppsPageController.swift */ = {isa = PBXFileReference; lastKnownFileType = sourcecode.swift; path = AppsPageController.swift; sourceTree = "<group>"; };
		C0967B8424B4E9DC00CE268E /* BaseListController.swift */ = {isa = PBXFileReference; lastKnownFileType = sourcecode.swift; path = BaseListController.swift; sourceTree = "<group>"; };
		C09A19DB24B3FE0B00D52852 /* APIService.swift */ = {isa = PBXFileReference; lastKnownFileType = sourcecode.swift; path = APIService.swift; sourceTree = "<group>"; };
		C0AC3FAC24A83AC40076C27F /* appStoreClone.app */ = {isa = PBXFileReference; explicitFileType = wrapper.application; includeInIndex = 0; path = appStoreClone.app; sourceTree = BUILT_PRODUCTS_DIR; };
		C0AC3FAF24A83AC40076C27F /* AppDelegate.swift */ = {isa = PBXFileReference; lastKnownFileType = sourcecode.swift; path = AppDelegate.swift; sourceTree = "<group>"; };
		C0AC3FB124A83AC40076C27F /* SceneDelegate.swift */ = {isa = PBXFileReference; lastKnownFileType = sourcecode.swift; path = SceneDelegate.swift; sourceTree = "<group>"; };
		C0AC3FB324A83AC40076C27F /* ViewController.swift */ = {isa = PBXFileReference; lastKnownFileType = sourcecode.swift; path = ViewController.swift; sourceTree = "<group>"; };
		C0AC3FB624A83AC40076C27F /* Base */ = {isa = PBXFileReference; lastKnownFileType = file.storyboard; name = Base; path = Base.lproj/Main.storyboard; sourceTree = "<group>"; };
		C0AC3FB824A83AC50076C27F /* Assets.xcassets */ = {isa = PBXFileReference; lastKnownFileType = folder.assetcatalog; path = Assets.xcassets; sourceTree = "<group>"; };
		C0AC3FBB24A83AC50076C27F /* Base */ = {isa = PBXFileReference; lastKnownFileType = file.storyboard; name = Base; path = Base.lproj/LaunchScreen.storyboard; sourceTree = "<group>"; };
		C0AC3FBD24A83AC50076C27F /* Info.plist */ = {isa = PBXFileReference; lastKnownFileType = text.plist.xml; path = Info.plist; sourceTree = "<group>"; };
		C0AC3FC324A83B520076C27F /* BaseTabBarController.swift */ = {isa = PBXFileReference; lastKnownFileType = sourcecode.swift; path = BaseTabBarController.swift; sourceTree = "<group>"; };
		C0E408BE24B4EBA5008E02AA /* AppsGroupCell.swift */ = {isa = PBXFileReference; lastKnownFileType = sourcecode.swift; path = AppsGroupCell.swift; sourceTree = "<group>"; };
		C0E408C024B4EE4B008E02AA /* AppsHorizontalController.swift */ = {isa = PBXFileReference; lastKnownFileType = sourcecode.swift; path = AppsHorizontalController.swift; sourceTree = "<group>"; };
		C0E408C224B4FB97008E02AA /* AppRowCell.swift */ = {isa = PBXFileReference; lastKnownFileType = sourcecode.swift; path = AppRowCell.swift; sourceTree = "<group>"; };
		C0E408C424B4FC51008E02AA /* Extension.swift */ = {isa = PBXFileReference; lastKnownFileType = sourcecode.swift; path = Extension.swift; sourceTree = "<group>"; };
		C0F5B6F324B50D1E00830FFF /* AppHeaderCell.swift */ = {isa = PBXFileReference; lastKnownFileType = sourcecode.swift; path = AppHeaderCell.swift; sourceTree = "<group>"; };
/* End PBXFileReference section */

/* Begin PBXFrameworksBuildPhase section */
		C0AC3FA924A83AC40076C27F /* Frameworks */ = {
			isa = PBXFrameworksBuildPhase;
			buildActionMask = 2147483647;
			files = (
				727654F4F50BB61EC87A8ADD /* Pods_appStoreClone.framework in Frameworks */,
			);
			runOnlyForDeploymentPostprocessing = 0;
		};
/* End PBXFrameworksBuildPhase section */

/* Begin PBXGroup section */
		61E71152C3898A084C47B381 /* Pods */ = {
			isa = PBXGroup;
			children = (
				35B4CA1F9F710E74E772C926 /* Pods-appStoreClone.debug.xcconfig */,
				3B3D0FA334128286EEF36BA3 /* Pods-appStoreClone.release.xcconfig */,
			);
			path = Pods;
			sourceTree = "<group>";
		};
		B142F1570E207C4851F41747 /* Frameworks */ = {
			isa = PBXGroup;
			children = (
				839F3F25976F95DFDBD30DD7 /* Pods_appStoreClone.framework */,
			);
			name = Frameworks;
			sourceTree = "<group>";
		};
		C009AAF524B3C72000EB5707 /* Helpers */ = {
			isa = PBXGroup;
			children = (
				C0E408C424B4FC51008E02AA /* Extension.swift */,
				C009AAF624B3C73600EB5707 /* UIView+Layout.swift */,
				C009AAF824B3CE9500EB5707 /* VerticalStackView.swift */,
			);
			path = Helpers;
			sourceTree = "<group>";
		};
		C009AAFA24B3F8D000EB5707 /* Model */ = {
			isa = PBXGroup;
			children = (
				C009AAFB24B3F8F800EB5707 /* SearchResult.swift */,
				C011DA5724B54652002EE481 /* AppGroup.swift */,
				C071472824B800130023742B /* SocialApp.swift */,
			);
			path = Model;
			sourceTree = "<group>";
		};
		C02129A624AA420500A22C03 /* Controller */ = {
			isa = PBXGroup;
			children = (
				C0967B8624B4EA4B00CE268E /* Search */,
				C0967B8124B4E8FD00CE268E /* Apps */,
				C0AC3FC324A83B520076C27F /* BaseTabBarController.swift */,
				C0967B8424B4E9DC00CE268E /* BaseListController.swift */,
				C071472A24B80F380023742B /* HorizontalSnappingController.swift */,
			);
			path = Controller;
			sourceTree = "<group>";
		};
		C071472C24B821200023742B /* Details */ = {
			isa = PBXGroup;
			children = (
				C071472D24B8212D0023742B /* AppDetailController.swift */,
				C08E623024BA73A10072967D /* PreviewScreenshotController.swift */,
			);
			path = Details;
			sourceTree = "<group>";
		};
		C071472F24B825D80023742B /* Detail */ = {
			isa = PBXGroup;
			children = (
				C071473024B825E40023742B /* AppDetailCell.swift */,
				C08E622E24BA723A0072967D /* PreviewCell.swift */,
			);
			path = Detail;
			sourceTree = "<group>";
		};
		C0769E3924AA6832003900C0 /* Views */ = {
			isa = PBXGroup;
			children = (
				C0E408BD24B4EB94008E02AA /* Apps */,
				C0769E3A24AA6851003900C0 /* SearchResultCell.swift */,
			);
			path = Views;
			sourceTree = "<group>";
		};
		C0967B8124B4E8FD00CE268E /* Apps */ = {
			isa = PBXGroup;
			children = (
				C071472C24B821200023742B /* Details */,
				C015C37B24B50869006D3FE4 /* AppsHeaderHorizontalController.swift */,
				C0E408C024B4EE4B008E02AA /* AppsHorizontalController.swift */,
				C0967B8224B4E90800CE268E /* AppsPageController.swift */,
			);
			path = Apps;
			sourceTree = "<group>";
		};
		C0967B8624B4EA4B00CE268E /* Search */ = {
			isa = PBXGroup;
			children = (
				C02129A924AA426100A22C03 /* AppsSearchController.swift */,
			);
			path = Search;
			sourceTree = "<group>";
		};
		C09A19DA24B3FDFB00D52852 /* Service */ = {
			isa = PBXGroup;
			children = (
				C09A19DB24B3FE0B00D52852 /* APIService.swift */,
			);
			path = Service;
			sourceTree = "<group>";
		};
		C0AC3FA324A83AC40076C27F = {
			isa = PBXGroup;
			children = (
				C0AC3FAE24A83AC40076C27F /* appStoreClone */,
				C0AC3FAD24A83AC40076C27F /* Products */,
				61E71152C3898A084C47B381 /* Pods */,
				B142F1570E207C4851F41747 /* Frameworks */,
			);
			sourceTree = "<group>";
		};
		C0AC3FAD24A83AC40076C27F /* Products */ = {
			isa = PBXGroup;
			children = (
				C0AC3FAC24A83AC40076C27F /* appStoreClone.app */,
			);
			name = Products;
			sourceTree = "<group>";
		};
		C0AC3FAE24A83AC40076C27F /* appStoreClone */ = {
			isa = PBXGroup;
			children = (
				C0AC3FAF24A83AC40076C27F /* AppDelegate.swift */,
				C0AC3FB824A83AC50076C27F /* Assets.xcassets */,
				C02129A624AA420500A22C03 /* Controller */,
				C009AAF524B3C72000EB5707 /* Helpers */,
				C0AC3FBD24A83AC50076C27F /* Info.plist */,
				C0AC3FBA24A83AC50076C27F /* LaunchScreen.storyboard */,
				C0AC3FB524A83AC40076C27F /* Main.storyboard */,
				C009AAFA24B3F8D000EB5707 /* Model */,
				C0AC3FB124A83AC40076C27F /* SceneDelegate.swift */,
				C09A19DA24B3FDFB00D52852 /* Service */,
				C0AC3FB324A83AC40076C27F /* ViewController.swift */,
				C0769E3924AA6832003900C0 /* Views */,
			);
			path = appStoreClone;
			sourceTree = "<group>";
		};
		C0E408BD24B4EB94008E02AA /* Apps */ = {
			isa = PBXGroup;
			children = (
				C071472F24B825D80023742B /* Detail */,
				C0E408BE24B4EBA5008E02AA /* AppsGroupCell.swift */,
				C0E408C224B4FB97008E02AA /* AppRowCell.swift */,
				C015C37924B50718006D3FE4 /* AppsPageHeader.swift */,
				C0F5B6F324B50D1E00830FFF /* AppHeaderCell.swift */,
			);
			path = Apps;
			sourceTree = "<group>";
		};
/* End PBXGroup section */

/* Begin PBXNativeTarget section */
		C0AC3FAB24A83AC40076C27F /* appStoreClone */ = {
			isa = PBXNativeTarget;
			buildConfigurationList = C0AC3FC024A83AC50076C27F /* Build configuration list for PBXNativeTarget "appStoreClone" */;
			buildPhases = (
				68F726DD34C77304A4D363A6 /* [CP] Check Pods Manifest.lock */,
				C0AC3FA824A83AC40076C27F /* Sources */,
				C0AC3FA924A83AC40076C27F /* Frameworks */,
				C0AC3FAA24A83AC40076C27F /* Resources */,
				E5DBDA8C6E4F9EBDAE68859F /* [CP] Embed Pods Frameworks */,
			);
			buildRules = (
			);
			dependencies = (
			);
			name = appStoreClone;
			productName = appStoreClone;
			productReference = C0AC3FAC24A83AC40076C27F /* appStoreClone.app */;
			productType = "com.apple.product-type.application";
		};
/* End PBXNativeTarget section */

/* Begin PBXProject section */
		C0AC3FA424A83AC40076C27F /* Project object */ = {
			isa = PBXProject;
			attributes = {
				LastSwiftUpdateCheck = 1150;
				LastUpgradeCheck = 1150;
				ORGANIZATIONNAME = "George Solorio";
				TargetAttributes = {
					C0AC3FAB24A83AC40076C27F = {
						CreatedOnToolsVersion = 11.5;
					};
				};
			};
			buildConfigurationList = C0AC3FA724A83AC40076C27F /* Build configuration list for PBXProject "appStoreClone" */;
			compatibilityVersion = "Xcode 9.3";
			developmentRegion = en;
			hasScannedForEncodings = 0;
			knownRegions = (
				en,
				Base,
			);
			mainGroup = C0AC3FA324A83AC40076C27F;
			productRefGroup = C0AC3FAD24A83AC40076C27F /* Products */;
			projectDirPath = "";
			projectRoot = "";
			targets = (
				C0AC3FAB24A83AC40076C27F /* appStoreClone */,
			);
		};
/* End PBXProject section */

/* Begin PBXResourcesBuildPhase section */
		C0AC3FAA24A83AC40076C27F /* Resources */ = {
			isa = PBXResourcesBuildPhase;
			buildActionMask = 2147483647;
			files = (
				C0AC3FBC24A83AC50076C27F /* LaunchScreen.storyboard in Resources */,
				C0AC3FB924A83AC50076C27F /* Assets.xcassets in Resources */,
				C0AC3FB724A83AC40076C27F /* Main.storyboard in Resources */,
			);
			runOnlyForDeploymentPostprocessing = 0;
		};
/* End PBXResourcesBuildPhase section */

/* Begin PBXShellScriptBuildPhase section */
		68F726DD34C77304A4D363A6 /* [CP] Check Pods Manifest.lock */ = {
			isa = PBXShellScriptBuildPhase;
			buildActionMask = 2147483647;
			files = (
			);
			inputFileListPaths = (
			);
			inputPaths = (
				"${PODS_PODFILE_DIR_PATH}/Podfile.lock",
				"${PODS_ROOT}/Manifest.lock",
			);
			name = "[CP] Check Pods Manifest.lock";
			outputFileListPaths = (
			);
			outputPaths = (
				"$(DERIVED_FILE_DIR)/Pods-appStoreClone-checkManifestLockResult.txt",
			);
			runOnlyForDeploymentPostprocessing = 0;
			shellPath = /bin/sh;
			shellScript = "diff \"${PODS_PODFILE_DIR_PATH}/Podfile.lock\" \"${PODS_ROOT}/Manifest.lock\" > /dev/null\nif [ $? != 0 ] ; then\n    # print error to STDERR\n    echo \"error: The sandbox is not in sync with the Podfile.lock. Run 'pod install' or update your CocoaPods installation.\" >&2\n    exit 1\nfi\n# This output is used by Xcode 'outputs' to avoid re-running this script phase.\necho \"SUCCESS\" > \"${SCRIPT_OUTPUT_FILE_0}\"\n";
			showEnvVarsInLog = 0;
		};
		E5DBDA8C6E4F9EBDAE68859F /* [CP] Embed Pods Frameworks */ = {
			isa = PBXShellScriptBuildPhase;
			buildActionMask = 2147483647;
			files = (
			);
			inputFileListPaths = (
				"${PODS_ROOT}/Target Support Files/Pods-appStoreClone/Pods-appStoreClone-frameworks-${CONFIGURATION}-input-files.xcfilelist",
			);
			name = "[CP] Embed Pods Frameworks";
			outputFileListPaths = (
				"${PODS_ROOT}/Target Support Files/Pods-appStoreClone/Pods-appStoreClone-frameworks-${CONFIGURATION}-output-files.xcfilelist",
			);
			runOnlyForDeploymentPostprocessing = 0;
			shellPath = /bin/sh;
			shellScript = "\"${PODS_ROOT}/Target Support Files/Pods-appStoreClone/Pods-appStoreClone-frameworks.sh\"\n";
			showEnvVarsInLog = 0;
		};
/* End PBXShellScriptBuildPhase section */

/* Begin PBXSourcesBuildPhase section */
		C0AC3FA824A83AC40076C27F /* Sources */ = {
			isa = PBXSourcesBuildPhase;
			buildActionMask = 2147483647;
			files = (
				C009AAF724B3C73600EB5707 /* UIView+Layout.swift in Sources */,
				C071472924B800130023742B /* SocialApp.swift in Sources */,
				C0967B8324B4E90800CE268E /* AppsPageController.swift in Sources */,
				C009AAFC24B3F8F800EB5707 /* SearchResult.swift in Sources */,
				C0AC3FC424A83B520076C27F /* BaseTabBarController.swift in Sources */,
				C02129AA24AA426100A22C03 /* AppsSearchController.swift in Sources */,
				C0AC3FB424A83AC40076C27F /* ViewController.swift in Sources */,
				C0E408BF24B4EBA5008E02AA /* AppsGroupCell.swift in Sources */,
				C0AC3FB024A83AC40076C27F /* AppDelegate.swift in Sources */,
				C071472B24B80F380023742B /* HorizontalSnappingController.swift in Sources */,
				C09A19DC24B3FE0B00D52852 /* APIService.swift in Sources */,
				C009AAF924B3CE9500EB5707 /* VerticalStackView.swift in Sources */,
				C015C37C24B50869006D3FE4 /* AppsHeaderHorizontalController.swift in Sources */,
				C015C37A24B50718006D3FE4 /* AppsPageHeader.swift in Sources */,
				C071473124B825E40023742B /* AppDetailCell.swift in Sources */,
				C0769E3B24AA6851003900C0 /* SearchResultCell.swift in Sources */,
				C08E623124BA73A10072967D /* PreviewScreenshotController.swift in Sources */,
				C08E622F24BA723A0072967D /* PreviewCell.swift in Sources */,
				C0967B8524B4E9DC00CE268E /* BaseListController.swift in Sources */,
				C0E408C524B4FC51008E02AA /* Extension.swift in Sources */,
				C011DA5824B54652002EE481 /* AppGroup.swift in Sources */,
				C071472E24B8212D0023742B /* AppDetailController.swift in Sources */,
				C0F5B6F424B50D1E00830FFF /* AppHeaderCell.swift in Sources */,
				C0AC3FB224A83AC40076C27F /* SceneDelegate.swift in Sources */,
				C0E408C124B4EE4B008E02AA /* AppsHorizontalController.swift in Sources */,
				C0E408C324B4FB97008E02AA /* AppRowCell.swift in Sources */,
			);
			runOnlyForDeploymentPostprocessing = 0;
		};
/* End PBXSourcesBuildPhase section */

/* Begin PBXVariantGroup section */
		C0AC3FB524A83AC40076C27F /* Main.storyboard */ = {
			isa = PBXVariantGroup;
			children = (
				C0AC3FB624A83AC40076C27F /* Base */,
			);
			name = Main.storyboard;
			sourceTree = "<group>";
		};
		C0AC3FBA24A83AC50076C27F /* LaunchScreen.storyboard */ = {
			isa = PBXVariantGroup;
			children = (
				C0AC3FBB24A83AC50076C27F /* Base */,
			);
			name = LaunchScreen.storyboard;
			sourceTree = "<group>";
		};
/* End PBXVariantGroup section */

/* Begin XCBuildConfiguration section */
		C0AC3FBE24A83AC50076C27F /* Debug */ = {
			isa = XCBuildConfiguration;
			buildSettings = {
				ALWAYS_SEARCH_USER_PATHS = NO;
				CLANG_ANALYZER_NONNULL = YES;
				CLANG_ANALYZER_NUMBER_OBJECT_CONVERSION = YES_AGGRESSIVE;
				CLANG_CXX_LANGUAGE_STANDARD = "gnu++14";
				CLANG_CXX_LIBRARY = "libc++";
				CLANG_ENABLE_MODULES = YES;
				CLANG_ENABLE_OBJC_ARC = YES;
				CLANG_ENABLE_OBJC_WEAK = YES;
				CLANG_WARN_BLOCK_CAPTURE_AUTORELEASING = YES;
				CLANG_WARN_BOOL_CONVERSION = YES;
				CLANG_WARN_COMMA = YES;
				CLANG_WARN_CONSTANT_CONVERSION = YES;
				CLANG_WARN_DEPRECATED_OBJC_IMPLEMENTATIONS = YES;
				CLANG_WARN_DIRECT_OBJC_ISA_USAGE = YES_ERROR;
				CLANG_WARN_DOCUMENTATION_COMMENTS = YES;
				CLANG_WARN_EMPTY_BODY = YES;
				CLANG_WARN_ENUM_CONVERSION = YES;
				CLANG_WARN_INFINITE_RECURSION = YES;
				CLANG_WARN_INT_CONVERSION = YES;
				CLANG_WARN_NON_LITERAL_NULL_CONVERSION = YES;
				CLANG_WARN_OBJC_IMPLICIT_RETAIN_SELF = YES;
				CLANG_WARN_OBJC_LITERAL_CONVERSION = YES;
				CLANG_WARN_OBJC_ROOT_CLASS = YES_ERROR;
				CLANG_WARN_RANGE_LOOP_ANALYSIS = YES;
				CLANG_WARN_STRICT_PROTOTYPES = YES;
				CLANG_WARN_SUSPICIOUS_MOVE = YES;
				CLANG_WARN_UNGUARDED_AVAILABILITY = YES_AGGRESSIVE;
				CLANG_WARN_UNREACHABLE_CODE = YES;
				CLANG_WARN__DUPLICATE_METHOD_MATCH = YES;
				COPY_PHASE_STRIP = NO;
				DEBUG_INFORMATION_FORMAT = dwarf;
				ENABLE_STRICT_OBJC_MSGSEND = YES;
				ENABLE_TESTABILITY = YES;
				GCC_C_LANGUAGE_STANDARD = gnu11;
				GCC_DYNAMIC_NO_PIC = NO;
				GCC_NO_COMMON_BLOCKS = YES;
				GCC_OPTIMIZATION_LEVEL = 0;
				GCC_PREPROCESSOR_DEFINITIONS = (
					"DEBUG=1",
					"$(inherited)",
				);
				GCC_WARN_64_TO_32_BIT_CONVERSION = YES;
				GCC_WARN_ABOUT_RETURN_TYPE = YES_ERROR;
				GCC_WARN_UNDECLARED_SELECTOR = YES;
				GCC_WARN_UNINITIALIZED_AUTOS = YES_AGGRESSIVE;
				GCC_WARN_UNUSED_FUNCTION = YES;
				GCC_WARN_UNUSED_VARIABLE = YES;
				IPHONEOS_DEPLOYMENT_TARGET = 13.5;
				MTL_ENABLE_DEBUG_INFO = INCLUDE_SOURCE;
				MTL_FAST_MATH = YES;
				ONLY_ACTIVE_ARCH = YES;
				SDKROOT = iphoneos;
				SWIFT_ACTIVE_COMPILATION_CONDITIONS = DEBUG;
				SWIFT_OPTIMIZATION_LEVEL = "-Onone";
			};
			name = Debug;
		};
		C0AC3FBF24A83AC50076C27F /* Release */ = {
			isa = XCBuildConfiguration;
			buildSettings = {
				ALWAYS_SEARCH_USER_PATHS = NO;
				CLANG_ANALYZER_NONNULL = YES;
				CLANG_ANALYZER_NUMBER_OBJECT_CONVERSION = YES_AGGRESSIVE;
				CLANG_CXX_LANGUAGE_STANDARD = "gnu++14";
				CLANG_CXX_LIBRARY = "libc++";
				CLANG_ENABLE_MODULES = YES;
				CLANG_ENABLE_OBJC_ARC = YES;
				CLANG_ENABLE_OBJC_WEAK = YES;
				CLANG_WARN_BLOCK_CAPTURE_AUTORELEASING = YES;
				CLANG_WARN_BOOL_CONVERSION = YES;
				CLANG_WARN_COMMA = YES;
				CLANG_WARN_CONSTANT_CONVERSION = YES;
				CLANG_WARN_DEPRECATED_OBJC_IMPLEMENTATIONS = YES;
				CLANG_WARN_DIRECT_OBJC_ISA_USAGE = YES_ERROR;
				CLANG_WARN_DOCUMENTATION_COMMENTS = YES;
				CLANG_WARN_EMPTY_BODY = YES;
				CLANG_WARN_ENUM_CONVERSION = YES;
				CLANG_WARN_INFINITE_RECURSION = YES;
				CLANG_WARN_INT_CONVERSION = YES;
				CLANG_WARN_NON_LITERAL_NULL_CONVERSION = YES;
				CLANG_WARN_OBJC_IMPLICIT_RETAIN_SELF = YES;
				CLANG_WARN_OBJC_LITERAL_CONVERSION = YES;
				CLANG_WARN_OBJC_ROOT_CLASS = YES_ERROR;
				CLANG_WARN_RANGE_LOOP_ANALYSIS = YES;
				CLANG_WARN_STRICT_PROTOTYPES = YES;
				CLANG_WARN_SUSPICIOUS_MOVE = YES;
				CLANG_WARN_UNGUARDED_AVAILABILITY = YES_AGGRESSIVE;
				CLANG_WARN_UNREACHABLE_CODE = YES;
				CLANG_WARN__DUPLICATE_METHOD_MATCH = YES;
				COPY_PHASE_STRIP = NO;
				DEBUG_INFORMATION_FORMAT = "dwarf-with-dsym";
				ENABLE_NS_ASSERTIONS = NO;
				ENABLE_STRICT_OBJC_MSGSEND = YES;
				GCC_C_LANGUAGE_STANDARD = gnu11;
				GCC_NO_COMMON_BLOCKS = YES;
				GCC_WARN_64_TO_32_BIT_CONVERSION = YES;
				GCC_WARN_ABOUT_RETURN_TYPE = YES_ERROR;
				GCC_WARN_UNDECLARED_SELECTOR = YES;
				GCC_WARN_UNINITIALIZED_AUTOS = YES_AGGRESSIVE;
				GCC_WARN_UNUSED_FUNCTION = YES;
				GCC_WARN_UNUSED_VARIABLE = YES;
				IPHONEOS_DEPLOYMENT_TARGET = 13.5;
				MTL_ENABLE_DEBUG_INFO = NO;
				MTL_FAST_MATH = YES;
				SDKROOT = iphoneos;
				SWIFT_COMPILATION_MODE = wholemodule;
				SWIFT_OPTIMIZATION_LEVEL = "-O";
				VALIDATE_PRODUCT = YES;
			};
			name = Release;
		};
		C0AC3FC124A83AC50076C27F /* Debug */ = {
			isa = XCBuildConfiguration;
			baseConfigurationReference = 35B4CA1F9F710E74E772C926 /* Pods-appStoreClone.debug.xcconfig */;
			buildSettings = {
				ASSETCATALOG_COMPILER_APPICON_NAME = AppIcon;
				CODE_SIGN_STYLE = Automatic;
				DEVELOPMENT_TEAM = 2XZ3RGN8AK;
				INFOPLIST_FILE = appStoreClone/Info.plist;
				LD_RUNPATH_SEARCH_PATHS = (
					"$(inherited)",
					"@executable_path/Frameworks",
				);
				PRODUCT_BUNDLE_IDENTIFIER = com.GeorgeSolorio.appStoreClone;
				PRODUCT_NAME = "$(TARGET_NAME)";
				SWIFT_VERSION = 5.0;
				TARGETED_DEVICE_FAMILY = "1,2";
			};
			name = Debug;
		};
		C0AC3FC224A83AC50076C27F /* Release */ = {
			isa = XCBuildConfiguration;
			baseConfigurationReference = 3B3D0FA334128286EEF36BA3 /* Pods-appStoreClone.release.xcconfig */;
			buildSettings = {
				ASSETCATALOG_COMPILER_APPICON_NAME = AppIcon;
				CODE_SIGN_STYLE = Automatic;
				DEVELOPMENT_TEAM = 2XZ3RGN8AK;
				INFOPLIST_FILE = appStoreClone/Info.plist;
				LD_RUNPATH_SEARCH_PATHS = (
					"$(inherited)",
					"@executable_path/Frameworks",
				);
				PRODUCT_BUNDLE_IDENTIFIER = com.GeorgeSolorio.appStoreClone;
				PRODUCT_NAME = "$(TARGET_NAME)";
				SWIFT_VERSION = 5.0;
				TARGETED_DEVICE_FAMILY = "1,2";
			};
			name = Release;
		};
/* End XCBuildConfiguration section */

/* Begin XCConfigurationList section */
		C0AC3FA724A83AC40076C27F /* Build configuration list for PBXProject "appStoreClone" */ = {
			isa = XCConfigurationList;
			buildConfigurations = (
				C0AC3FBE24A83AC50076C27F /* Debug */,
				C0AC3FBF24A83AC50076C27F /* Release */,
			);
			defaultConfigurationIsVisible = 0;
			defaultConfigurationName = Release;
		};
		C0AC3FC024A83AC50076C27F /* Build configuration list for PBXNativeTarget "appStoreClone" */ = {
			isa = XCConfigurationList;
			buildConfigurations = (
				C0AC3FC124A83AC50076C27F /* Debug */,
				C0AC3FC224A83AC50076C27F /* Release */,
			);
			defaultConfigurationIsVisible = 0;
			defaultConfigurationName = Release;
		};
/* End XCConfigurationList section */
	};
	rootObject = C0AC3FA424A83AC40076C27F /* Project object */;
}
